
Microsoft Visual Studio Solution File, Format Version 12.00
# Visual Studio Version 17
VisualStudioVersion = 17.10.35027.167
MinimumVisualStudioVersion = 10.0.40219.1
Project("{FAE04EC0-301F-11D3-BF4B-00C04F79EFBC}") = "YolArkadaşi-Tatiluygulamasi", "YolArkadaşi-Tatiluygulamasi\YolArkadaşi-Tatiluygulamasi.csproj", "{7B8BC68C-0D44-48A8-A214-D541500AB7C3}"
EndProject
Global
	GlobalSection(SolutionConfigurationPlatforms) = preSolution
		Debug|Any CPU = Debug|Any CPU
		Release|Any CPU = Release|Any CPU
	EndGlobalSection
	GlobalSection(ProjectConfigurationPlatforms) = postSolution
		{7B8BC68C-0D44-48A8-A214-D541500AB7C3}.Debug|Any CPU.ActiveCfg = Debug|Any CPU
		{7B8BC68C-0D44-48A8-A214-D541500AB7C3}.Debug|Any CPU.Build.0 = Debug|Any CPU
		{7B8BC68C-0D44-48A8-A214-D541500AB7C3}.Release|Any CPU.ActiveCfg = Release|Any CPU
		{7B8BC68C-0D44-48A8-A214-D541500AB7C3}.Release|Any CPU.Build.0 = Release|Any CPU
	EndGlobalSection
	GlobalSection(SolutionProperties) = preSolution
		HideSolutionNode = FALSE
	EndGlobalSection
	GlobalSection(ExtensibilityGlobals) = postSolution
		SolutionGuid = {EEC94186-D697-4D49-BD36-38623D15C756}
	EndGlobalSection
EndGlobal
